# generated by rye
# use `rye lock` or `rye sync` to update this lockfile
#
# last locked with the following flags:
#   pre: false
#   features: []
#   all-features: false
#   with-sources: false

-e file:.
attrs==23.2.0
    # via automat
    # via service-identity
    # via twisted
autobahn==23.6.2
    # via roslibpy
automat==22.10.0
    # via twisted
cffi==1.16.0
    # via cryptography
constantly==23.10.4
    # via twisted
cryptography==42.0.8
    # via autobahn
    # via pyopenssl
    # via service-identity
hyperlink==21.0.0
    # via autobahn
    # via twisted
idna==3.7
    # via hyperlink
    # via twisted
incremental==22.10.0
    # via twisted
pyasn1==0.6.0
    # via pyasn1-modules
    # via service-identity
pyasn1-modules==0.4.0
    # via service-identity
pycparser==2.22
    # via cffi
pyopenssl==24.1.0
    # via twisted
roslibpy==1.7.0
    # via ros-bridge
service-identity==24.1.0
    # via twisted
setuptools==70.0.0
    # via autobahn
    # via zope-interface
six==1.16.0
    # via automat
twisted==24.3.0
    # via roslibpy
twisted-iocpsupport==1.0.4
    # via twisted
txaio==23.1.1
    # via autobahn
typing-extensions==4.12.2
    # via twisted
zope-interface==6.4.post2
    # via twisted
